
Microsoft Visual Studio Solution File, Format Version 12.00
# Visual Studio Version 16
VisualStudioVersion = 16.0.30406.217
MinimumVisualStudioVersion = 10.0.40219.1
Project("{FAE04EC0-301F-11D3-BF4B-00C04F79EFBC}") = "DataHora", "DataHora\DataHora.csproj", "{438E44BD-993A-4C28-9630-8702E18279BD}"
EndProject
Global
	GlobalSection(SolutionConfigurationPlatforms) = preSolution
		Debug|Any CPU = Debug|Any CPU
		Release|Any CPU = Release|Any CPU
	EndGlobalSection
	GlobalSection(ProjectConfigurationPlatforms) = postSolution
		{438E44BD-993A-4C28-9630-8702E18279BD}.Debug|Any CPU.ActiveCfg = Debug|Any CPU
		{438E44BD-993A-4C28-9630-8702E18279BD}.Debug|Any CPU.Build.0 = Debug|Any CPU
		{438E44BD-993A-4C28-9630-8702E18279BD}.Release|Any CPU.ActiveCfg = Release|Any CPU
		{438E44BD-993A-4C28-9630-8702E18279BD}.Release|Any CPU.Build.0 = Release|Any CPU
	EndGlobalSection
	GlobalSection(SolutionProperties) = preSolution
		HideSolutionNode = FALSE
	EndGlobalSection
	GlobalSection(ExtensibilityGlobals) = postSolution
		SolutionGuid = {120ADC87-2744-46DC-8836-43FE260C11A4}
	EndGlobalSection
EndGlobal
